
Microsoft Visual Studio Solution File, Format Version 12.00
# Visual Studio Version 17
VisualStudioVersion = 17.3.32929.385
MinimumVisualStudioVersion = 10.0.40219.1
Project("{FAE04EC0-301F-11D3-BF4B-00C04F79EFBC}") = "simulator8086", "simulator8086\simulator8086.csproj", "{8B41B053-78C5-44EC-9B35-9C7DFB86F8F6}"
EndProject
Global
	GlobalSection(SolutionConfigurationPlatforms) = preSolution
		Debug|Any CPU = Debug|Any CPU
		Release|Any CPU = Release|Any CPU
	EndGlobalSection
	GlobalSection(ProjectConfigurationPlatforms) = postSolution
		{8B41B053-78C5-44EC-9B35-9C7DFB86F8F6}.Debug|Any CPU.ActiveCfg = Debug|Any CPU
		{8B41B053-78C5-44EC-9B35-9C7DFB86F8F6}.Debug|Any CPU.Build.0 = Debug|Any CPU
		{8B41B053-78C5-44EC-9B35-9C7DFB86F8F6}.Release|Any CPU.ActiveCfg = Release|Any CPU
		{8B41B053-78C5-44EC-9B35-9C7DFB86F8F6}.Release|Any CPU.Build.0 = Release|Any CPU
	EndGlobalSection
	GlobalSection(SolutionProperties) = preSolution
		HideSolutionNode = FALSE
	EndGlobalSection
	GlobalSection(ExtensibilityGlobals) = postSolution
		SolutionGuid = {C1EFB46E-81BB-43FF-AF02-FBB0C449DF33}
	EndGlobalSection
EndGlobal
