
Microsoft Visual Studio Solution File, Format Version 12.00
# Visual Studio Version 17
VisualStudioVersion = 17.3.32929.385
MinimumVisualStudioVersion = 10.0.40219.1
Project("{FAE04EC0-301F-11D3-BF4B-00C04F79EFBC}") = "simulator8086", "simulator8086\simulator8086.csproj", "{47E6F4A2-8EC1-44AC-92E0-313AB1404163}"
EndProject
Global
	GlobalSection(SolutionConfigurationPlatforms) = preSolution
		Debug|Any CPU = Debug|Any CPU
		Release|Any CPU = Release|Any CPU
	EndGlobalSection
	GlobalSection(ProjectConfigurationPlatforms) = postSolution
		{47E6F4A2-8EC1-44AC-92E0-313AB1404163}.Debug|Any CPU.ActiveCfg = Debug|Any CPU
		{47E6F4A2-8EC1-44AC-92E0-313AB1404163}.Debug|Any CPU.Build.0 = Debug|Any CPU
		{47E6F4A2-8EC1-44AC-92E0-313AB1404163}.Release|Any CPU.ActiveCfg = Release|Any CPU
		{47E6F4A2-8EC1-44AC-92E0-313AB1404163}.Release|Any CPU.Build.0 = Release|Any CPU
	EndGlobalSection
	GlobalSection(SolutionProperties) = preSolution
		HideSolutionNode = FALSE
	EndGlobalSection
	GlobalSection(ExtensibilityGlobals) = postSolution
		SolutionGuid = {318E9286-A286-48E7-8731-4EBB5F9F9C38}
	EndGlobalSection
EndGlobal
